
Microsoft Visual Studio Solution File, Format Version 12.00
# Visual Studio 2013
VisualStudioVersion = 12.0.31101.0
MinimumVisualStudioVersion = 10.0.40219.1
Project("{8BC9CEB8-8B4A-11D0-8D11-00A0C91BC942}") = "roibot", "roibot\roibot.vcxproj", "{81A2783E-B287-4836-8B90-C95234646903}"
	ProjectSection(ProjectDependencies) = postProject
		{E51918CD-CD8E-464E-B44E-CFDC536A999C} = {E51918CD-CD8E-464E-B44E-CFDC536A999C}
	EndProjectSection
EndProject
Project("{8BC9CEB8-8B4A-11D0-8D11-00A0C91BC942}") = "socketclient", "socketclient\socketclient.vcxproj", "{E51918CD-CD8E-464E-B44E-CFDC536A999C}"
EndProject
Global
	GlobalSection(SolutionConfigurationPlatforms) = preSolution
		Debug|Win32 = Debug|Win32
		Release|Win32 = Release|Win32
	EndGlobalSection
	GlobalSection(ProjectConfigurationPlatforms) = postSolution
		{81A2783E-B287-4836-8B90-C95234646903}.Debug|Win32.ActiveCfg = Debug|Win32
		{81A2783E-B287-4836-8B90-C95234646903}.Debug|Win32.Build.0 = Debug|Win32
		{81A2783E-B287-4836-8B90-C95234646903}.Release|Win32.ActiveCfg = Release|Win32
		{81A2783E-B287-4836-8B90-C95234646903}.Release|Win32.Build.0 = Release|Win32
		{E51918CD-CD8E-464E-B44E-CFDC536A999C}.Debug|Win32.ActiveCfg = Debug|Win32
		{E51918CD-CD8E-464E-B44E-CFDC536A999C}.Debug|Win32.Build.0 = Debug|Win32
		{E51918CD-CD8E-464E-B44E-CFDC536A999C}.Release|Win32.ActiveCfg = Release|Win32
		{E51918CD-CD8E-464E-B44E-CFDC536A999C}.Release|Win32.Build.0 = Release|Win32
	EndGlobalSection
	GlobalSection(SolutionProperties) = preSolution
		HideSolutionNode = FALSE
	EndGlobalSection
EndGlobal
